github.com/creack/pty v1.1.9/go.mod h1:oKZEueFk5CKHvIhNR5MUki03XCEU+Q6VDXinZuGJ33E=
github.com/davidwalter0/go-cfg v1.3.0-rc.0 h1:Wfdw3PRRKixYGmXOipAwx68SITpTtIy7efhU0RPCJL0=
github.com/davidwalter0/go-cfg v1.3.0-rc.0/go.mod h1:20fDTucO+++zOOotBRv6UhcP43XbIgt/WFc71+wq6NA=
github.com/davidwalter0/go-flag v0.3.0-rc.0 h1:pC4fNaaCw28/eG3ybb+A7hZ1Rxx2dw/gBsB86NDshJs=
github.com/davidwalter0/go-flag v0.3.0-rc.0/go.mod h1:xX3EXodaOhFTaqSo/5hEsNCY/6Mpkb47tXWIn+lXCxM=
github.com/davidwalter0/tracer v0.0.0-20180121044142-5d43492343ec h1:54lG0VuJOlX9iw6JiRNYP9QcgwutlWXwXHrcHgobAo4=
github.com/davidwalter0/tracer v0.0.0-20180121044142-5d43492343ec/go.mod h1:ORk/IA6WV8ByYcl+K05CluN1xcwXY4Ijx+P/EW+mwb4=
github.com/kr/pretty v0.1.0 h1:L/CwN0zerZDmRFUapSPitk6f+Q3+0za1rQkzVuMiMFI=
github.com/kr/pretty v0.1.0/go.mod h1:dAy3ld7l9f0ibDNOQOHHMYYIIbhfbHSm3C4ZsoJORNo=
github.com/kr/pty v1.1.1/go.mod h1:pFQYn66WHrOpPYNljwOMqo10TkYh1fy3cYio2l3bCsQ=
github.com/kr/text v0.1.0/go.mod h1:4Jbv+DJW3UT/LiOwJeYQe1efqtUx/iVham/4vfdArNI=
github.com/kr/text v0.2.0 h1:5Nx0Ya0ZqY2ygV366QzturHI13Jq95ApcVaJBhpS+AY=
github.com/kr/text v0.2.0/go.mod h1:eLer722TekiGuMkidMxC/pM04lWEeraHUUmBw8l2grE=
github.com/mattn/color v0.0.0-20151026152412-8640971291e5 h1:laJSQBNsZAIttgy8o6WnDXHgOs3VHeEETBz5TAa0Q3M=
github.com/mattn/color v0.0.0-20151026152412-8640971291e5/go.mod h1:roqWkSuw7GUyLedOLCZxIfdbzuQynubezs0xoxDHlQQ=
github.com/mattn/go-isatty v0.0.12 h1:wuysRhFDzyxgEmMf5xjvJ2M9dZoWAXNNr5LSBS7uHXY=
github.com/mattn/go-isatty v0.0.12/go.mod h1:cbi8OIDigv2wuxKPP5vlRcQ1OAZbq2CE4Kysco4FUpU=
github.com/shiena/ansicolor v0.0.0-20151119151921-a422bbe96644 h1:X+yvsM2yrEktyI+b2qND5gpH8YhURn0k8OCaeRnkINo=
github.com/shiena/ansicolor v0.0.0-20151119151921-a422bbe96644/go.mod h1:nkxAfR/5quYxwPZhyDxgasBMnRtBZd0FCEpawpjMUFg=
golang.org/x/sys v0.0.0-20200116001909-b77594299b42 h1:vEOn+mP2zCOVzKckCZy6YsCtDblrpj/w7B9nxGNELpg=
golang.org/x/sys v0.0.0-20200116001909-b77594299b42/go.mod h1:h1NjWce9XRLGQEsW7wpKNCjG9DtNlClVuFLEZdDNbEs=
gopkg.in/check.v1 v0.0.0-20161208181325-20d25e280405/go.mod h1:Co6ibVJAznAaIkqp8huTwlJQCZ016jof/cbN4VW5Yz0=
gopkg.in/check.v1 v1.0.0-20190902080502-41f04d3bba15 h1:YR8cESwS4TdDjEe65xsg0ogRM/Nc3DYOhEAlW+xobZo=
gopkg.in/check.v1 v1.0.0-20190902080502-41f04d3bba15/go.mod h1:Co6ibVJAznAaIkqp8huTwlJQCZ016jof/cbN4VW5Yz0=
gopkg.in/yaml.v3 v3.0.0-20200313102051-9f266ea9e77c h1:dUUwHk2QECo/6vqA44rthZ8ie2QXMNeKRTHCNY2nXvo=
gopkg.in/yaml.v3 v3.0.0-20200313102051-9f266ea9e77c/go.mod h1:K4uyk7z7BCEPqu6E+C64Yfv1cQ7kz7rIZviUmN+EgEM=
